{
  "object": {
    "pins": [
      {
        "package": "Combinatorics",
        "repositoryURL": "https://github.com/dankogai/swift-combinatorics",
        "state": {
          "branch": null,
          "revision": "959fb7cc9688b47b11b2a609c3dc176b6ec4e91c",
          "version": "0.1.0"
        }
      }
    ]
  },
  "version": 1
}
